
Microsoft Visual Studio Solution File, Format Version 12.00
# Visual Studio Version 16
VisualStudioVersion = 16.0.31313.79
MinimumVisualStudioVersion = 10.0.40219.1
Project("{FAE04EC0-301F-11D3-BF4B-00C04F79EFBC}") = "exponent calculator", "exponent calculator\exponent calculator.csproj", "{41516B95-DE30-4360-A4A6-9BEFF60CD0FE}"
EndProject
Global
	GlobalSection(SolutionConfigurationPlatforms) = preSolution
		Debug|Any CPU = Debug|Any CPU
		Release|Any CPU = Release|Any CPU
	EndGlobalSection
	GlobalSection(ProjectConfigurationPlatforms) = postSolution
		{41516B95-DE30-4360-A4A6-9BEFF60CD0FE}.Debug|Any CPU.ActiveCfg = Debug|Any CPU
		{41516B95-DE30-4360-A4A6-9BEFF60CD0FE}.Debug|Any CPU.Build.0 = Debug|Any CPU
		{41516B95-DE30-4360-A4A6-9BEFF60CD0FE}.Release|Any CPU.ActiveCfg = Release|Any CPU
		{41516B95-DE30-4360-A4A6-9BEFF60CD0FE}.Release|Any CPU.Build.0 = Release|Any CPU
	EndGlobalSection
	GlobalSection(SolutionProperties) = preSolution
		HideSolutionNode = FALSE
	EndGlobalSection
	GlobalSection(ExtensibilityGlobals) = postSolution
		SolutionGuid = {6FC35AB8-87BC-4141-B982-627A9529FCF6}
	EndGlobalSection
EndGlobal
